
Microsoft Visual Studio Solution File, Format Version 12.00
# Visual Studio Version 17
VisualStudioVersion = 17.9.34728.123
MinimumVisualStudioVersion = 10.0.40219.1
Project("{FAE04EC0-301F-11D3-BF4B-00C04F79EFBC}") = "OpenVINOFaceDetectApp", "OpenVINOFaceDetectApp\OpenVINOFaceDetectApp.csproj", "{5878FD56-B821-41F4-856D-88E6355039F2}"
EndProject
Global
	GlobalSection(SolutionConfigurationPlatforms) = preSolution
		Debug|Any CPU = Debug|Any CPU
		Release|Any CPU = Release|Any CPU
	EndGlobalSection
	GlobalSection(ProjectConfigurationPlatforms) = postSolution
		{5878FD56-B821-41F4-856D-88E6355039F2}.Debug|Any CPU.ActiveCfg = Debug|Any CPU
		{5878FD56-B821-41F4-856D-88E6355039F2}.Debug|Any CPU.Build.0 = Debug|Any CPU
		{5878FD56-B821-41F4-856D-88E6355039F2}.Release|Any CPU.ActiveCfg = Release|Any CPU
		{5878FD56-B821-41F4-856D-88E6355039F2}.Release|Any CPU.Build.0 = Release|Any CPU
	EndGlobalSection
	GlobalSection(SolutionProperties) = preSolution
		HideSolutionNode = FALSE
	EndGlobalSection
	GlobalSection(ExtensibilityGlobals) = postSolution
		SolutionGuid = {389D26DD-D219-49CC-BDC0-B65B8459960B}
	EndGlobalSection
EndGlobal
